
Microsoft Visual Studio Solution File, Format Version 12.00
# Visual Studio Version 17
VisualStudioVersion = 17.6.33801.468
MinimumVisualStudioVersion = 10.0.40219.1
Project("{888888A0-9F3D-457C-B088-3A5042F75D52}") = "Python RTOS", "Python RTOS.pyproj", "{7497F238-A249-481D-A91C-D3DE9B6650B4}"
EndProject
Global
	GlobalSection(SolutionConfigurationPlatforms) = preSolution
		Debug|Any CPU = Debug|Any CPU
		Release|Any CPU = Release|Any CPU
	EndGlobalSection
	GlobalSection(ProjectConfigurationPlatforms) = postSolution
		{7497F238-A249-481D-A91C-D3DE9B6650B4}.Debug|Any CPU.ActiveCfg = Debug|Any CPU
		{7497F238-A249-481D-A91C-D3DE9B6650B4}.Release|Any CPU.ActiveCfg = Release|Any CPU
	EndGlobalSection
	GlobalSection(SolutionProperties) = preSolution
		HideSolutionNode = FALSE
	EndGlobalSection
	GlobalSection(ExtensibilityGlobals) = postSolution
		SolutionGuid = {AEF94DDA-9323-4E08-8175-1FE1D6D471F1}
	EndGlobalSection
EndGlobal
